<?xml version="1.0" encoding="utf-8"?>
<Project ToolsVersion="4.0" xmlns="http://schemas.microsoft.com/developer/msbuild/2003">
  <ItemGroup>
    <Filter Include="Source Files">
      <UniqueIdentifier>{4FC737F1-C7A5-4376-A066-2A32D752A2FF}</UniqueIdentifier>
      <Extensions>cpp;c;cc;cxx;def;odl;idl;hpj;bat;asm;asmx</Extensions>
    </Filter>
    <Filter Include="Header Files">
      <UniqueIdentifier>{93995380-89BD-4b04-88EB-625FBE52EBFB}</UniqueIdentifier>
      <Extensions>h;hpp;hxx;hm;inl;inc;xsd</Extensions>
    </Filter>
    <Filter Include="Resource Files">
      <UniqueIdentifier>{67DA6AB6-F800-4c08-8B7A-83BB121AAD01}</UniqueIdentifier>
      <Extensions>rc;ico;cur;bmp;dlg;rc2;rct;bin;rgs;gif;jpg;jpeg;jpe;resx;tiff;tif;png;wav;mfcribbon-ms</Extensions>
    </Filter>
    <Filter Include="Views">
      <UniqueIdentifier>{6e65e531-512a-4070-8ebb-6fdc58bb594e}</UniqueIdentifier>
    </Filter>
    <Filter Include="Controllers">
      <UniqueIdentifier>{4e5cdfc4-f919-4ee7-8c76-dbac304c0ab7}</UniqueIdentifier>
    </Filter>
    <Filter Include="Model">
      <UniqueIdentifier>{91fa498d-73bc-4096-9c57-e8630a057886}</UniqueIdentifier>
    </Filter>
    <Filter Include="Model\Session">
      <UniqueIdentifier>{d53a26a7-8681-4158-a45d-5ce6c4ef21d5}</UniqueIdentifier>
    </Filter>
    <Filter Include="Model\Quiz">
      <UniqueIdentifier>{abbcee58-142a-4f08-9543-c9f8ecf2277c}</UniqueIdentifier>
    </Filter>
    <Filter Include="Model\Quiz\Questions">
      <UniqueIdentifier>{2f25a3d3-f2b5-4972-b887-569f70025491}</UniqueIdentifier>
    </Filter>
    <Filter Include="Model\Session\Questions">
      <UniqueIdentifier>{890f5ade-47fd-4410-ba48-6ff1781883e7}</UniqueIdentifier>
    </Filter>
    <Filter Include="Views\Questions">
      <UniqueIdentifier>{dbe2052f-3f78-4f1f-afa2-595bbaf63d55}</UniqueIdentifier>
    </Filter>
  </ItemGroup>
  <ItemGroup>
    <Text Include="ReadMe.txt" />
  </ItemGroup>
  <ItemGroup>
    <ClInclude Include="stdafx.h">
      <Filter>Header Files</Filter>
    </ClInclude>
    <ClInclude Include="targetver.h">
      <Filter>Header Files</Filter>
    </ClInclude>
    <ClInclude Include="types.h">
      <Filter>Header Files</Filter>
    </ClInclude>
    <ClInclude Include="utils.h">
      <Filter>Header Files</Filter>
    </ClInclude>
    <ClInclude Include="Question.h">
      <Filter>Model\Quiz\Questions</Filter>
    </ClInclude>
    <ClInclude Include="Question_fwd.h">
      <Filter>Model\Quiz\Questions</Filter>
    </ClInclude>
    <ClInclude Include="Questions.h">
      <Filter>Model\Quiz\Questions</Filter>
    </ClInclude>
    <ClInclude Include="Quiz.h">
      <Filter>Model\Quiz</Filter>
    </ClInclude>
    <ClInclude Include="Quiz_fwd.h">
      <Filter>Model\Quiz</Filter>
    </ClInclude>
    <ClInclude Include="QuizPlayer.h">
      <Filter>Controllers</Filter>
    </ClInclude>
    <ClInclude Include="IQuizView.h">
      <Filter>Views</Filter>
    </ClInclude>
    <ClInclude Include="QuizView.h">
      <Filter>Views</Filter>
    </ClInclude>
    <ClInclude Include="QuizSession.h">
      <Filter>Model\Session</Filter>
    </ClInclude>
    <ClInclude Include="QuestionState_fwd.h">
      <Filter>Model\Session\Questions</Filter>
    </ClInclude>
    <ClInclude Include="MultipleChoiceQuestion.h">
      <Filter>Model\Quiz\Questions</Filter>
    </ClInclude>
    <ClInclude Include="MultipleResponseQuestion.h">
      <Filter>Model\Quiz\Questions</Filter>
    </ClInclude>
    <ClInclude Include="QuestionStates.h">
      <Filter>Model\Session</Filter>
    </ClInclude>
    <ClInclude Include="GradedChoice.h">
      <Filter>Model\Quiz\Questions</Filter>
    </ClInclude>
    <ClInclude Include="QuestionWithChoices.h">
      <Filter>Model\Quiz\Questions</Filter>
    </ClInclude>
    <ClInclude Include="MatchingQuestion.h">
      <Filter>Model\Quiz\Questions</Filter>
    </ClInclude>
    <ClInclude Include="MultipleChoiceQuestionState.h">
      <Filter>Model\Session\Questions</Filter>
    </ClInclude>
    <ClInclude Include="MultipleChoiceQuestion_fwd.h">
      <Filter>Model\Quiz\Questions</Filter>
    </ClInclude>
    <ClInclude Include="QuestionReview.h">
      <Filter>Model\Session\Questions</Filter>
    </ClInclude>
    <ClInclude Include="QuestionReview_fwd.h">
      <Filter>Model\Session\Questions</Filter>
    </ClInclude>
    <ClInclude Include="QuizSession_fwd.h">
      <Filter>Model\Session</Filter>
    </ClInclude>
    <ClInclude Include="IQuestionView.h">
      <Filter>Views\Questions</Filter>
    </ClInclude>
    <ClInclude Include="QuestionView.h">
      <Filter>Views\Questions</Filter>
    </ClInclude>
    <ClInclude Include="MultipleChoiceQuestionView.h">
      <Filter>Views\Questions</Filter>
    </ClInclude>
    <ClInclude Include="MultipleChoiceQuestionState_fwd.h">
      <Filter>Model\Session\Questions</Filter>
    </ClInclude>
    <ClInclude Include="MultipleResponseQuestionView.h">
      <Filter>Views\Questions</Filter>
    </ClInclude>
    <ClInclude Include="MultipleResponseQuestionState_fwd.h">
      <Filter>Model\Session\Questions</Filter>
    </ClInclude>
    <ClInclude Include="MultipleResponseQuestion_fwd.h">
      <Filter>Model\Quiz\Questions</Filter>
    </ClInclude>
    <ClInclude Include="MultipleResponseQuestionState.h">
      <Filter>Model\Session\Questions</Filter>
    </ClInclude>
    <ClInclude Include="TypeInQuestion.h">
      <Filter>Model\Quiz\Questions</Filter>
    </ClInclude>
    <ClInclude Include="MatchingQuestionState.h">
      <Filter>Model\Session\Questions</Filter>
    </ClInclude>
    <ClInclude Include="MatchingQuestion_fwd.h">
      <Filter>Model\Quiz\Questions</Filter>
    </ClInclude>
    <ClInclude Include="MatchingQuestionState_fwd.h">
      <Filter>Model\Session\Questions</Filter>
    </ClInclude>
    <ClInclude Include="TypeInQuestion_fwd.h">
      <Filter>Model\Quiz\Questions</Filter>
    </ClInclude>
    <ClInclude Include="TypeInQuestionState.h">
      <Filter>Model\Session\Questions</Filter>
    </ClInclude>
    <ClInclude Include="TypeInQuestionState_fwd.h">
      <Filter>Model\Session\Questions</Filter>
    </ClInclude>
    <ClInclude Include="MatchingQuestionView.h">
      <Filter>Views\Questions</Filter>
    </ClInclude>
    <ClInclude Include="QuestionStateWithCustomQuestion.h">
      <Filter>Model\Session\Questions</Filter>
    </ClInclude>
    <ClInclude Include="IQuestionStateFactory.h">
      <Filter>Model\Session</Filter>
    </ClInclude>
    <ClInclude Include="QuestionStateFactory.h">
      <Filter>Model\Session</Filter>
    </ClInclude>
    <ClInclude Include="TypeInQuestionView.h">
      <Filter>Views\Questions</Filter>
    </ClInclude>
    <ClInclude Include="QuestionViewController.h">
      <Filter>Controllers</Filter>
    </ClInclude>
    <ClInclude Include="MultipleChoiceQuestionViewController.h">
      <Filter>Controllers</Filter>
    </ClInclude>
    <ClInclude Include="IQuestionView_fwd.h">
      <Filter>Views\Questions</Filter>
    </ClInclude>
    <ClInclude Include="IQuestionState.h">
      <Filter>Model\Session\Questions</Filter>
    </ClInclude>
    <ClInclude Include="MultipleChoiceQuestionView_fwd.h">
      <Filter>Views\Questions</Filter>
    </ClInclude>
    <ClInclude Include="IMultipleChoiceQuestionState.h">
      <Filter>Model\Session\Questions</Filter>
    </ClInclude>
    <ClInclude Include="QuestionStateImpl.h">
      <Filter>Model\Session\Questions</Filter>
    </ClInclude>
    <ClInclude Include="TypeInQuestionView_fwd.h">
      <Filter>Views\Questions</Filter>
    </ClInclude>
    <ClInclude Include="SessionController.h">
      <Filter>Controllers</Filter>
    </ClInclude>
    <ClInclude Include="TypeInQuestionViewController.h">
      <Filter>Controllers</Filter>
    </ClInclude>
  </ItemGroup>
  <ItemGroup>
    <ClCompile Include="stdafx.cpp">
      <Filter>Source Files</Filter>
    </ClCompile>
    <ClCompile Include="Question.cpp">
      <Filter>Model\Quiz\Questions</Filter>
    </ClCompile>
    <ClCompile Include="Questions.cpp">
      <Filter>Model\Quiz\Questions</Filter>
    </ClCompile>
    <ClCompile Include="Quiz.cpp">
      <Filter>Model\Quiz</Filter>
    </ClCompile>
    <ClCompile Include="QuizPlayer.cpp">
      <Filter>Controllers</Filter>
    </ClCompile>
    <ClCompile Include="QuizView.cpp">
      <Filter>Views</Filter>
    </ClCompile>
    <ClCompile Include="QuizSession.cpp">
      <Filter>Model\Session</Filter>
    </ClCompile>
    <ClCompile Include="MultipleChoiceQuestion.cpp">
      <Filter>Model\Quiz\Questions</Filter>
    </ClCompile>
    <ClCompile Include="MultipleResponseQuestion.cpp">
      <Filter>Model\Quiz\Questions</Filter>
    </ClCompile>
    <ClCompile Include="QuestionStates.cpp">
      <Filter>Model\Session</Filter>
    </ClCompile>
    <ClCompile Include="QuestionWithChoices.cpp">
      <Filter>Model\Quiz\Questions</Filter>
    </ClCompile>
    <ClCompile Include="MatchingQuestion.cpp">
      <Filter>Model\Quiz\Questions</Filter>
    </ClCompile>
    <ClCompile Include="MultipleChoiceQuestionState.cpp">
      <Filter>Model\Session\Questions</Filter>
    </ClCompile>
    <ClCompile Include="QuestionReview.cpp">
      <Filter>Model\Session\Questions</Filter>
    </ClCompile>
    <ClCompile Include="QuestionView.cpp">
      <Filter>Views\Questions</Filter>
    </ClCompile>
    <ClCompile Include="MultipleChoiceQuestionView.cpp">
      <Filter>Views\Questions</Filter>
    </ClCompile>
    <ClCompile Include="MultipleResponseQuestionView.cpp">
      <Filter>Views\Questions</Filter>
    </ClCompile>
    <ClCompile Include="MultipleResponseQuestionState.cpp">
      <Filter>Model\Session\Questions</Filter>
    </ClCompile>
    <ClCompile Include="TypeInQuestion.cpp">
      <Filter>Model\Quiz\Questions</Filter>
    </ClCompile>
    <ClCompile Include="MatchingQuestionState.cpp">
      <Filter>Model\Session\Questions</Filter>
    </ClCompile>
    <ClCompile Include="utils.cpp">
      <Filter>Source Files</Filter>
    </ClCompile>
    <ClCompile Include="TypeInQuestionState.cpp">
      <Filter>Model\Session\Questions</Filter>
    </ClCompile>
    <ClCompile Include="MatchingQuestionView.cpp">
      <Filter>Views\Questions</Filter>
    </ClCompile>
    <ClCompile Include="QuestionStateFactory.cpp">
      <Filter>Model\Session</Filter>
    </ClCompile>
    <ClCompile Include="TypeInQuestionView.cpp">
      <Filter>Views\Questions</Filter>
    </ClCompile>
    <ClCompile Include="QuestionViewController.cpp">
      <Filter>Controllers</Filter>
    </ClCompile>
    <ClCompile Include="MultipleChoiceQuestionViewController.cpp">
      <Filter>Controllers</Filter>
    </ClCompile>
    <ClCompile Include="SessionController.cpp">
      <Filter>Controllers</Filter>
    </ClCompile>
    <ClCompile Include="TypeInQuestionViewController.cpp">
      <Filter>Controllers</Filter>
    </ClCompile>
  </ItemGroup>
</Project>